
Microsoft Visual Studio Solution File, Format Version 12.00
# Visual Studio Version 17
VisualStudioVersion = 17.3.32825.248
MinimumVisualStudioVersion = 10.0.40219.1
Project("{FAE04EC0-301F-11D3-BF4B-00C04F79EFBC}") = "Examen_Network", "Examen_Network\Examen_Network.csproj", "{181D7EAA-548B-4EA2-8A87-26EFA3FC87DE}"
EndProject
Global
	GlobalSection(SolutionConfigurationPlatforms) = preSolution
		Debug|Any CPU = Debug|Any CPU
		Release|Any CPU = Release|Any CPU
	EndGlobalSection
	GlobalSection(ProjectConfigurationPlatforms) = postSolution
		{181D7EAA-548B-4EA2-8A87-26EFA3FC87DE}.Debug|Any CPU.ActiveCfg = Debug|Any CPU
		{181D7EAA-548B-4EA2-8A87-26EFA3FC87DE}.Debug|Any CPU.Build.0 = Debug|Any CPU
		{181D7EAA-548B-4EA2-8A87-26EFA3FC87DE}.Release|Any CPU.ActiveCfg = Release|Any CPU
		{181D7EAA-548B-4EA2-8A87-26EFA3FC87DE}.Release|Any CPU.Build.0 = Release|Any CPU
	EndGlobalSection
	GlobalSection(SolutionProperties) = preSolution
		HideSolutionNode = FALSE
	EndGlobalSection
	GlobalSection(ExtensibilityGlobals) = postSolution
		SolutionGuid = {0DEA91DE-FC2A-42C0-B37A-426C7BAF961A}
	EndGlobalSection
EndGlobal
